# THIS IS AN AUTOGENERATED FILE. DO NOT EDIT THIS FILE DIRECTLY.
# yarn lockfile v1


"@angular/common@7":
  version "7.1.2"
  resolved "https://registry.yarnpkg.com/@angular/common/-/common-7.1.2.tgz#506e48b18dd8c9dd8c97e61585ad0647079e6c05"
  integrity sha512-Ss9OilnbKpfkkwa1spUUAzgtGgd76j+Cgp1ecBBaueBoHyDZcSwD3Ioe5/91mjGF8i/MmpoBtEmk569fwmb7iQ==
  dependencies:
    tslib "^1.9.0"

"@angular/core@7":
  version "7.1.2"
  resolved "https://registry.yarnpkg.com/@angular/core/-/core-7.1.2.tgz#08f90d8e6ecb26c10cc21e2e2e4bdca5d0b7d7a5"
  integrity sha512-k3hKz6oj5KAaU/R034flxa73MWoR1SBBZPbpqK5zncIYbZMxvUQDgD3O7SNdQfI9G534SzdJk3AqJNEDTFUyYA==
  dependencies:
    tslib "^1.9.0"

"@angular/forms@7":
  version "7.1.2"
  resolved "https://registry.yarnpkg.com/@angular/forms/-/forms-7.1.2.tgz#17a427e27f496e41677be05c5d8033899db9e942"
  integrity sha512-L7LtvjcZUf4DjeDKQnxm+AzC9VkmR3I+hnezyvkLT7oUHcHEpYgNtiLmNM4Ir7ZI3zuaSMmHlEBlnDn0YJlcvA==
  dependencies:
    tslib "^1.9.0"

"@angular/platform-browser-dynamic@7.1.2":
  version "7.1.2"
  resolved "https://registry.yarnpkg.com/@angular/platform-browser-dynamic/-/platform-browser-dynamic-7.1.2.tgz#1eb7a08f011e911817c9cdfaa560523cedba959a"
  integrity sha512-DoQ+840d3YSC34NnCVD+NlQOyes56+Re9V62ZViXKSwsWtpqgsYBiUW5yYHCO8bruS+Kn+BGTCK/w7/KEM60tg==
  dependencies:
    tslib "^1.9.0"

"@angular/platform-browser@7.1.2":
  version "7.1.2"
  resolved "https://registry.yarnpkg.com/@angular/platform-browser/-/platform-browser-7.1.2.tgz#7f1fa3b59473b1ddaaa658bf064cf512f27c6578"
  integrity sha512-cxFCqOXfLznHNI3dfnKcSCokbuSrxSLlXdE4uqoZliTRQIC9/ccrxVdx4UbJjtSgWFaNG1ocxH0rckgcUEG/kg==
  dependencies:
    tslib "^1.9.0"

core-js@2.6.0:
  version "2.6.0"
  resolved "https://registry.yarnpkg.com/core-js/-/core-js-2.6.0.tgz#1e30793e9ee5782b307e37ffa22da0eacddd84d4"
  integrity sha512-kLRC6ncVpuEW/1kwrOXYX6KQASCVtrh1gQr/UiaVgFlf9WE5Vp+lNe5+h3LuMr5PAucWnnEXwH0nQHRH/gpGtw==

rxjs@6.3.3:
  version "6.3.3"
  resolved "https://registry.yarnpkg.com/rxjs/-/rxjs-6.3.3.tgz#3c6a7fa420e844a81390fb1158a9ec614f4bad55"
  integrity sha512-JTWmoY9tWCs7zvIk/CvRjhjGaOd+OVBM987mxFo+OW66cGpdKjZcpmc74ES1sB//7Kl/PAe8+wEakuhG4pcgOw==
  dependencies:
    tslib "^1.9.0"

tslib@^1.9.0:
  version "1.9.3"
  resolved "https://registry.yarnpkg.com/tslib/-/tslib-1.9.3.tgz#d7e4dd79245d85428c4d7e4822a79917954ca286"
  integrity sha512-4krF8scpejhaOgqzBEcGM7yDIEfi0/8+8zDRZhNZZ2kjmHJ4hv3zCbQWxoJGz1iw5U0Jl0nma13xzHXcncMavQ==

zone.js@0.8.26:
  version "0.8.26"
  resolved "https://registry.yarnpkg.com/zone.js/-/zone.js-0.8.26.tgz#7bdd72f7668c5a7ad6b118148b4ea39c59d08d2d"
  integrity sha512-W9Nj+UmBJG251wkCacIkETgra4QgBo/vgoEkb4a2uoLzpQG7qF9nzwoLXWU5xj3Fg2mxGvEDh47mg24vXccYjA==
